
Microsoft Visual Studio Solution File, Format Version 12.00
# Visual Studio 15
VisualStudioVersion = 15.0.28010.2003
MinimumVisualStudioVersion = 10.0.40219.1
Project("{FAE04EC0-301F-11D3-BF4B-00C04F79EFBC}") = "EmployeeManager.Web", "EmployeeManager.Web\EmployeeManager.Web.csproj", "{61C44898-5D7B-4DE4-BF19-161E32188109}"
EndProject
Project("{FAE04EC0-301F-11D3-BF4B-00C04F79EFBC}") = "EmployeeManager.Domain", "EmployeeManager.Domain\EmployeeManager.Domain.csproj", "{1A36470F-852A-4B1F-92F4-B6BE7F6B4502}"
EndProject
Project("{FAE04EC0-301F-11D3-BF4B-00C04F79EFBC}") = "EmployeeManager.Api", "EmployeeManager.Api\EmployeeManager.Api.csproj", "{B6199AF4-F61E-40D3-B8D5-FC14C9F6A601}"
EndProject
Project("{FAE04EC0-301F-11D3-BF4B-00C04F79EFBC}") = "EmployeeManager.Shared", "EmployeeManager.Shared\EmployeeManager.Shared.csproj", "{0CB0C91B-1247-466F-A80B-DA05837EB143}"
EndProject
Global
	GlobalSection(SolutionConfigurationPlatforms) = preSolution
		Debug|Any CPU = Debug|Any CPU
		Release|Any CPU = Release|Any CPU
	EndGlobalSection
	GlobalSection(ProjectConfigurationPlatforms) = postSolution
		{61C44898-5D7B-4DE4-BF19-161E32188109}.Debug|Any CPU.ActiveCfg = Debug|Any CPU
		{61C44898-5D7B-4DE4-BF19-161E32188109}.Debug|Any CPU.Build.0 = Debug|Any CPU
		{61C44898-5D7B-4DE4-BF19-161E32188109}.Release|Any CPU.ActiveCfg = Release|Any CPU
		{61C44898-5D7B-4DE4-BF19-161E32188109}.Release|Any CPU.Build.0 = Release|Any CPU
		{1A36470F-852A-4B1F-92F4-B6BE7F6B4502}.Debug|Any CPU.ActiveCfg = Debug|Any CPU
		{1A36470F-852A-4B1F-92F4-B6BE7F6B4502}.Debug|Any CPU.Build.0 = Debug|Any CPU
		{1A36470F-852A-4B1F-92F4-B6BE7F6B4502}.Release|Any CPU.ActiveCfg = Release|Any CPU
		{1A36470F-852A-4B1F-92F4-B6BE7F6B4502}.Release|Any CPU.Build.0 = Release|Any CPU
		{B6199AF4-F61E-40D3-B8D5-FC14C9F6A601}.Debug|Any CPU.ActiveCfg = Debug|Any CPU
		{B6199AF4-F61E-40D3-B8D5-FC14C9F6A601}.Debug|Any CPU.Build.0 = Debug|Any CPU
		{B6199AF4-F61E-40D3-B8D5-FC14C9F6A601}.Release|Any CPU.ActiveCfg = Release|Any CPU
		{B6199AF4-F61E-40D3-B8D5-FC14C9F6A601}.Release|Any CPU.Build.0 = Release|Any CPU
		{0CB0C91B-1247-466F-A80B-DA05837EB143}.Debug|Any CPU.ActiveCfg = Debug|Any CPU
		{0CB0C91B-1247-466F-A80B-DA05837EB143}.Debug|Any CPU.Build.0 = Debug|Any CPU
		{0CB0C91B-1247-466F-A80B-DA05837EB143}.Release|Any CPU.ActiveCfg = Release|Any CPU
		{0CB0C91B-1247-466F-A80B-DA05837EB143}.Release|Any CPU.Build.0 = Release|Any CPU
	EndGlobalSection
	GlobalSection(SolutionProperties) = preSolution
		HideSolutionNode = FALSE
	EndGlobalSection
	GlobalSection(ExtensibilityGlobals) = postSolution
		SolutionGuid = {30664F4A-184C-47E9-AB25-16DAA6D31E57}
	EndGlobalSection
EndGlobal
